
Microsoft Visual Studio Solution File, Format Version 12.00
# Visual Studio Version 17
VisualStudioVersion = 17.8.34330.188
MinimumVisualStudioVersion = 10.0.40219.1
Project("{FAE04EC0-301F-11D3-BF4B-00C04F79EFBC}") = "Kafka_Example_01_API", "Kafka_Example_01_API\Kafka_Example_01_API.csproj", "{F37128CC-8E1D-4306-AD7B-04ED3481CF9E}"
EndProject
Global
	GlobalSection(SolutionConfigurationPlatforms) = preSolution
		Debug|Any CPU = Debug|Any CPU
		Release|Any CPU = Release|Any CPU
	EndGlobalSection
	GlobalSection(ProjectConfigurationPlatforms) = postSolution
		{F37128CC-8E1D-4306-AD7B-04ED3481CF9E}.Debug|Any CPU.ActiveCfg = Debug|Any CPU
		{F37128CC-8E1D-4306-AD7B-04ED3481CF9E}.Debug|Any CPU.Build.0 = Debug|Any CPU
		{F37128CC-8E1D-4306-AD7B-04ED3481CF9E}.Release|Any CPU.ActiveCfg = Release|Any CPU
		{F37128CC-8E1D-4306-AD7B-04ED3481CF9E}.Release|Any CPU.Build.0 = Release|Any CPU
	EndGlobalSection
	GlobalSection(SolutionProperties) = preSolution
		HideSolutionNode = FALSE
	EndGlobalSection
	GlobalSection(ExtensibilityGlobals) = postSolution
		SolutionGuid = {7FB315FF-1D48-40CC-AD23-439FB8609E55}
	EndGlobalSection
EndGlobal
